// !$*UTF8*$!
{
	archiveVersion = 1;
	classes = {
	};
	objectVersion = 50;
	objects = {

/* Begin PBXBuildFile section */
		A90BB1D72132C7E7006B852D /* AppDelegate.swift in Sources */ = {isa = PBXBuildFile; fileRef = A90BB1D62132C7E7006B852D /* AppDelegate.swift */; };
		A90BB1D92132C7E7006B852D /* TodoListViewController.swift in Sources */ = {isa = PBXBuildFile; fileRef = A90BB1D82132C7E7006B852D /* TodoListViewController.swift */; };
		A90BB1DC2132C7E7006B852D /* Main.storyboard in Resources */ = {isa = PBXBuildFile; fileRef = A90BB1DA2132C7E7006B852D /* Main.storyboard */; };
		A90BB1DE2132C7E8006B852D /* Assets.xcassets in Resources */ = {isa = PBXBuildFile; fileRef = A90BB1DD2132C7E8006B852D /* Assets.xcassets */; };
		A90BB1E12132C7E8006B852D /* LaunchScreen.storyboard in Resources */ = {isa = PBXBuildFile; fileRef = A90BB1DF2132C7E8006B852D /* LaunchScreen.storyboard */; };
		A9A5C6B1214513F00023D78B /* Item.swift in Sources */ = {isa = PBXBuildFile; fileRef = A9A5C6B0214513F00023D78B /* Item.swift */; };
/* End PBXBuildFile section */

/* Begin PBXFileReference section */
		A90BB1D32132C7E7006B852D /* Todooey.app */ = {isa = PBXFileReference; explicitFileType = wrapper.application; includeInIndex = 0; path = Todooey.app; sourceTree = BUILT_PRODUCTS_DIR; };
		A90BB1D62132C7E7006B852D /* AppDelegate.swift */ = {isa = PBXFileReference; lastKnownFileType = sourcecode.swift; path = AppDelegate.swift; sourceTree = "<group>"; };
		A90BB1D82132C7E7006B852D /* TodoListViewController.swift */ = {isa = PBXFileReference; lastKnownFileType = sourcecode.swift; path = TodoListViewController.swift; sourceTree = "<group>"; };
		A90BB1DB2132C7E7006B852D /* Base */ = {isa = PBXFileReference; lastKnownFileType = file.storyboard; name = Base; path = Base.lproj/Main.storyboard; sourceTree = "<group>"; };
		A90BB1DD2132C7E8006B852D /* Assets.xcassets */ = {isa = PBXFileReference; lastKnownFileType = folder.assetcatalog; path = Assets.xcassets; sourceTree = "<group>"; };
		A90BB1E02132C7E8006B852D /* Base */ = {isa = PBXFileReference; lastKnownFileType = file.storyboard; name = Base; path = Base.lproj/LaunchScreen.storyboard; sourceTree = "<group>"; };
		A90BB1E22132C7E8006B852D /* Info.plist */ = {isa = PBXFileReference; lastKnownFileType = text.plist.xml; path = Info.plist; sourceTree = "<group>"; };
		A9A5C6B0214513F00023D78B /* Item.swift */ = {isa = PBXFileReference; lastKnownFileType = sourcecode.swift; path = Item.swift; sourceTree = "<group>"; };
/* End PBXFileReference section */

/* Begin PBXFrameworksBuildPhase section */
		A90BB1D02132C7E7006B852D /* Frameworks */ = {
			isa = PBXFrameworksBuildPhase;
			buildActionMask = 2147483647;
			files = (
			);
			runOnlyForDeploymentPostprocessing = 0;
		};
/* End PBXFrameworksBuildPhase section */

/* Begin PBXGroup section */
		A90BB1CA2132C7E7006B852D = {
			isa = PBXGroup;
			children = (
				A90BB1D52132C7E7006B852D /* Todooey */,
				A90BB1D42132C7E7006B852D /* Products */,
			);
			sourceTree = "<group>";
		};
		A90BB1D42132C7E7006B852D /* Products */ = {
			isa = PBXGroup;
			children = (
				A90BB1D32132C7E7006B852D /* Todooey.app */,
			);
			name = Products;
			sourceTree = "<group>";
		};
		A90BB1D52132C7E7006B852D /* Todooey */ = {
			isa = PBXGroup;
			children = (
				A90BB1D62132C7E7006B852D /* AppDelegate.swift */,
				A9A5C6B5214514520023D78B /* Controllers */,
				A9A5C6B42145143A0023D78B /* Data Model */,
				A9A5C6B62145145E0023D78B /* View */,
				A9A5C6B7214514710023D78B /* Supporting Files */,
				A90BB1E22132C7E8006B852D /* Info.plist */,
			);
			path = Todooey;
			sourceTree = "<group>";
		};
		A9A5C6B42145143A0023D78B /* Data Model */ = {
			isa = PBXGroup;
			children = (
				A9A5C6B0214513F00023D78B /* Item.swift */,
			);
			path = "Data Model";
			sourceTree = "<group>";
		};
		A9A5C6B5214514520023D78B /* Controllers */ = {
			isa = PBXGroup;
			children = (
				A90BB1D82132C7E7006B852D /* TodoListViewController.swift */,
			);
			path = Controllers;
			sourceTree = "<group>";
		};
		A9A5C6B62145145E0023D78B /* View */ = {
			isa = PBXGroup;
			children = (
				A90BB1DA2132C7E7006B852D /* Main.storyboard */,
			);
			path = View;
			sourceTree = "<group>";
		};
		A9A5C6B7214514710023D78B /* Supporting Files */ = {
			isa = PBXGroup;
			children = (
				A90BB1DD2132C7E8006B852D /* Assets.xcassets */,
				A90BB1DF2132C7E8006B852D /* LaunchScreen.storyboard */,
			);
			path = "Supporting Files";
			sourceTree = "<group>";
		};
/* End PBXGroup section */

/* Begin PBXNativeTarget section */
		A90BB1D22132C7E7006B852D /* Todooey */ = {
			isa = PBXNativeTarget;
			buildConfigurationList = A90BB1E52132C7E8006B852D /* Build configuration list for PBXNativeTarget "Todooey" */;
			buildPhases = (
				A90BB1CF2132C7E7006B852D /* Sources */,
				A90BB1D02132C7E7006B852D /* Frameworks */,
				A90BB1D12132C7E7006B852D /* Resources */,
			);
			buildRules = (
			);
			dependencies = (
			);
			name = Todooey;
			productName = Todooey;
			productReference = A90BB1D32132C7E7006B852D /* Todooey.app */;
			productType = "com.apple.product-type.application";
		};
/* End PBXNativeTarget section */

/* Begin PBXProject section */
		A90BB1CB2132C7E7006B852D /* Project object */ = {
			isa = PBXProject;
			attributes = {
				LastSwiftUpdateCheck = 0940;
				LastUpgradeCheck = 0940;
				ORGANIZATIONNAME = techDistillery;
				TargetAttributes = {
					A90BB1D22132C7E7006B852D = {
						CreatedOnToolsVersion = 9.4.1;
					};
				};
			};
			buildConfigurationList = A90BB1CE2132C7E7006B852D /* Build configuration list for PBXProject "Todooey" */;
			compatibilityVersion = "Xcode 9.3";
			developmentRegion = en;
			hasScannedForEncodings = 0;
			knownRegions = (
				en,
				Base,
			);
			mainGroup = A90BB1CA2132C7E7006B852D;
			productRefGroup = A90BB1D42132C7E7006B852D /* Products */;
			projectDirPath = "";
			projectRoot = "";
			targets = (
				A90BB1D22132C7E7006B852D /* Todooey */,
			);
		};
/* End PBXProject section */

/* Begin PBXResourcesBuildPhase section */
		A90BB1D12132C7E7006B852D /* Resources */ = {
			isa = PBXResourcesBuildPhase;
			buildActionMask = 2147483647;
			files = (
				A90BB1E12132C7E8006B852D /* LaunchScreen.storyboard in Resources */,
				A90BB1DE2132C7E8006B852D /* Assets.xcassets in Resources */,
				A90BB1DC2132C7E7006B852D /* Main.storyboard in Resources */,
			);
			runOnlyForDeploymentPostprocessing = 0;
		};
/* End PBXResourcesBuildPhase section */

/* Begin PBXSourcesBuildPhase section */
		A90BB1CF2132C7E7006B852D /* Sources */ = {
			isa = PBXSourcesBuildPhase;
			buildActionMask = 2147483647;
			files = (
				A90BB1D92132C7E7006B852D /* TodoListViewController.swift in Sources */,
				A9A5C6B1214513F00023D78B /* Item.swift in Sources */,
				A90BB1D72132C7E7006B852D /* AppDelegate.swift in Sources */,
			);
			runOnlyForDeploymentPostprocessing = 0;
		};
/* End PBXSourcesBuildPhase section */

/* Begin PBXVariantGroup section */
		A90BB1DA2132C7E7006B852D /* Main.storyboard */ = {
			isa = PBXVariantGroup;
			children = (
				A90BB1DB2132C7E7006B852D /* Base */,
			);
			name = Main.storyboard;
			sourceTree = "<group>";
		};
		A90BB1DF2132C7E8006B852D /* LaunchScreen.storyboard */ = {
			isa = PBXVariantGroup;
			children = (
				A90BB1E02132C7E8006B852D /* Base */,
			);
			name = LaunchScreen.storyboard;
			sourceTree = "<group>";
		};
/* End PBXVariantGroup section */

/* Begin XCBuildConfiguration section */
		A90BB1E32132C7E8006B852D /* Debug */ = {
			isa = XCBuildConfiguration;
			buildSettings = {
				ALWAYS_SEARCH_USER_PATHS = NO;
				CLANG_ANALYZER_NONNULL = YES;
				CLANG_ANALYZER_NUMBER_OBJECT_CONVERSION = YES_AGGRESSIVE;
				CLANG_CXX_LANGUAGE_STANDARD = "gnu++14";
				CLANG_CXX_LIBRARY = "libc++";
				CLANG_ENABLE_MODULES = YES;
				CLANG_ENABLE_OBJC_ARC = YES;
				CLANG_ENABLE_OBJC_WEAK = YES;
				CLANG_WARN_BLOCK_CAPTURE_AUTORELEASING = YES;
				CLANG_WARN_BOOL_CONVERSION = YES;
				CLANG_WARN_COMMA = YES;
				CLANG_WARN_CONSTANT_CONVERSION = YES;
				CLANG_WARN_DEPRECATED_OBJC_IMPLEMENTATIONS = YES;
				CLANG_WARN_DIRECT_OBJC_ISA_USAGE = YES_ERROR;
				CLANG_WARN_DOCUMENTATION_COMMENTS = YES;
				CLANG_WARN_EMPTY_BODY = YES;
				CLANG_WARN_ENUM_CONVERSION = YES;
				CLANG_WARN_INFINITE_RECURSION = YES;
				CLANG_WARN_INT_CONVERSION = YES;
				CLANG_WARN_NON_LITERAL_NULL_CONVERSION = YES;
				CLANG_WARN_OBJC_IMPLICIT_RETAIN_SELF = YES;
				CLANG_WARN_OBJC_LITERAL_CONVERSION = YES;
				CLANG_WARN_OBJC_ROOT_CLASS = YES_ERROR;
				CLANG_WARN_RANGE_LOOP_ANALYSIS = YES;
				CLANG_WARN_STRICT_PROTOTYPES = YES;
				CLANG_WARN_SUSPICIOUS_MOVE = YES;
				CLANG_WARN_UNGUARDED_AVAILABILITY = YES_AGGRESSIVE;
				CLANG_WARN_UNREACHABLE_CODE = YES;
				CLANG_WARN__DUPLICATE_METHOD_MATCH = YES;
				CODE_SIGN_IDENTITY = "iPhone Developer";
				COPY_PHASE_STRIP = NO;
				DEBUG_INFORMATION_FORMAT = dwarf;
				ENABLE_STRICT_OBJC_MSGSEND = YES;
				ENABLE_TESTABILITY = YES;
				GCC_C_LANGUAGE_STANDARD = gnu11;
				GCC_DYNAMIC_NO_PIC = NO;
				GCC_NO_COMMON_BLOCKS = YES;
				GCC_OPTIMIZATION_LEVEL = 0;
				GCC_PREPROCESSOR_DEFINITIONS = (
					"DEBUG=1",
					"$(inherited)",
				);
				GCC_WARN_64_TO_32_BIT_CONVERSION = YES;
				GCC_WARN_ABOUT_RETURN_TYPE = YES_ERROR;
				GCC_WARN_UNDECLARED_SELECTOR = YES;
				GCC_WARN_UNINITIALIZED_AUTOS = YES_AGGRESSIVE;
				GCC_WARN_UNUSED_FUNCTION = YES;
				GCC_WARN_UNUSED_VARIABLE = YES;
				IPHONEOS_DEPLOYMENT_TARGET = 11.4;
				MTL_ENABLE_DEBUG_INFO = YES;
				ONLY_ACTIVE_ARCH = YES;
				SDKROOT = iphoneos;
				SWIFT_ACTIVE_COMPILATION_CONDITIONS = DEBUG;
				SWIFT_OPTIMIZATION_LEVEL = "-Onone";
			};
			name = Debug;
		};
		A90BB1E42132C7E8006B852D /* Release */ = {
			isa = XCBuildConfiguration;
			buildSettings = {
				ALWAYS_SEARCH_USER_PATHS = NO;
				CLANG_ANALYZER_NONNULL = YES;
				CLANG_ANALYZER_NUMBER_OBJECT_CONVERSION = YES_AGGRESSIVE;
				CLANG_CXX_LANGUAGE_STANDARD = "gnu++14";
				CLANG_CXX_LIBRARY = "libc++";
				CLANG_ENABLE_MODULES = YES;
				CLANG_ENABLE_OBJC_ARC = YES;
				CLANG_ENABLE_OBJC_WEAK = YES;
				CLANG_WARN_BLOCK_CAPTURE_AUTORELEASING = YES;
				CLANG_WARN_BOOL_CONVERSION = YES;
				CLANG_WARN_COMMA = YES;
				CLANG_WARN_CONSTANT_CONVERSION = YES;
				CLANG_WARN_DEPRECATED_OBJC_IMPLEMENTATIONS = YES;
				CLANG_WARN_DIRECT_OBJC_ISA_USAGE = YES_ERROR;
				CLANG_WARN_DOCUMENTATION_COMMENTS = YES;
				CLANG_WARN_EMPTY_BODY = YES;
				CLANG_WARN_ENUM_CONVERSION = YES;
				CLANG_WARN_INFINITE_RECURSION = YES;
				CLANG_WARN_INT_CONVERSION = YES;
				CLANG_WARN_NON_LITERAL_NULL_CONVERSION = YES;
				CLANG_WARN_OBJC_IMPLICIT_RETAIN_SELF = YES;
				CLANG_WARN_OBJC_LITERAL_CONVERSION = YES;
				CLANG_WARN_OBJC_ROOT_CLASS = YES_ERROR;
				CLANG_WARN_RANGE_LOOP_ANALYSIS = YES;
				CLANG_WARN_STRICT_PROTOTYPES = YES;
				CLANG_WARN_SUSPICIOUS_MOVE = YES;
				CLANG_WARN_UNGUARDED_AVAILABILITY = YES_AGGRESSIVE;
				CLANG_WARN_UNREACHABLE_CODE = YES;
				CLANG_WARN__DUPLICATE_METHOD_MATCH = YES;
				CODE_SIGN_IDENTITY = "iPhone Developer";
				COPY_PHASE_STRIP = NO;
				DEBUG_INFORMATION_FORMAT = "dwarf-with-dsym";
				ENABLE_NS_ASSERTIONS = NO;
				ENABLE_STRICT_OBJC_MSGSEND = YES;
				GCC_C_LANGUAGE_STANDARD = gnu11;
				GCC_NO_COMMON_BLOCKS = YES;
				GCC_WARN_64_TO_32_BIT_CONVERSION = YES;
				GCC_WARN_ABOUT_RETURN_TYPE = YES_ERROR;
				GCC_WARN_UNDECLARED_SELECTOR = YES;
				GCC_WARN_UNINITIALIZED_AUTOS = YES_AGGRESSIVE;
				GCC_WARN_UNUSED_FUNCTION = YES;
				GCC_WARN_UNUSED_VARIABLE = YES;
				IPHONEOS_DEPLOYMENT_TARGET = 11.4;
				MTL_ENABLE_DEBUG_INFO = NO;
				SDKROOT = iphoneos;
				SWIFT_COMPILATION_MODE = wholemodule;
				SWIFT_OPTIMIZATION_LEVEL = "-O";
				VALIDATE_PRODUCT = YES;
			};
			name = Release;
		};
		A90BB1E62132C7E8006B852D /* Debug */ = {
			isa = XCBuildConfiguration;
			buildSettings = {
				ASSETCATALOG_COMPILER_APPICON_NAME = AppIcon;
				CODE_SIGN_STYLE = Automatic;
				DEVELOPMENT_TEAM = ZFSFHRJ6M5;
				INFOPLIST_FILE = Todooey/Info.plist;
				LD_RUNPATH_SEARCH_PATHS = (
					"$(inherited)",
					"@executable_path/Frameworks",
				);
				PRODUCT_BUNDLE_IDENTIFIER = com.shanekulatunga.Todooey;
				PRODUCT_NAME = "$(TARGET_NAME)";
				SWIFT_VERSION = 4.0;
				TARGETED_DEVICE_FAMILY = "1,2";
			};
			name = Debug;
		};
		A90BB1E72132C7E8006B852D /* Release */ = {
			isa = XCBuildConfiguration;
			buildSettings = {
				ASSETCATALOG_COMPILER_APPICON_NAME = AppIcon;
				CODE_SIGN_STYLE = Automatic;
				DEVELOPMENT_TEAM = ZFSFHRJ6M5;
				INFOPLIST_FILE = Todooey/Info.plist;
				LD_RUNPATH_SEARCH_PATHS = (
					"$(inherited)",
					"@executable_path/Frameworks",
				);
				PRODUCT_BUNDLE_IDENTIFIER = com.shanekulatunga.Todooey;
				PRODUCT_NAME = "$(TARGET_NAME)";
				SWIFT_VERSION = 4.0;
				TARGETED_DEVICE_FAMILY = "1,2";
			};
			name = Release;
		};
/* End XCBuildConfiguration section */

/* Begin XCConfigurationList section */
		A90BB1CE2132C7E7006B852D /* Build configuration list for PBXProject "Todooey" */ = {
			isa = XCConfigurationList;
			buildConfigurations = (
				A90BB1E32132C7E8006B852D /* Debug */,
				A90BB1E42132C7E8006B852D /* Release */,
			);
			defaultConfigurationIsVisible = 0;
			defaultConfigurationName = Release;
		};
		A90BB1E52132C7E8006B852D /* Build configuration list for PBXNativeTarget "Todooey" */ = {
			isa = XCConfigurationList;
			buildConfigurations = (
				A90BB1E62132C7E8006B852D /* Debug */,
				A90BB1E72132C7E8006B852D /* Release */,
			);
			defaultConfigurationIsVisible = 0;
			defaultConfigurationName = Release;
		};
/* End XCConfigurationList section */
	};
	rootObject = A90BB1CB2132C7E7006B852D /* Project object */;
}
